// !$*UTF8*$!
{
	archiveVersion = 1;
	classes = {
	};
	objectVersion = 46;
	objects = {

/* Begin PBXBuildFile section */
		3727B62A1EA1135A00951F12 /* LandscapeViewController.swift in Sources */ = {isa = PBXBuildFile; fileRef = 3727B6291EA1135A00951F12 /* LandscapeViewController.swift */; };
		3727B62E1EA113C000951F12 /* PortraitViewController.swift in Sources */ = {isa = PBXBuildFile; fileRef = 3727B62D1EA113C000951F12 /* PortraitViewController.swift */; };
		3727B6301EA12BDA00951F12 /* AppUtility.swift in Sources */ = {isa = PBXBuildFile; fileRef = 3727B62F1EA12BDA00951F12 /* AppUtility.swift */; };
		373A8FC81E9F547200DFD9E4 /* AppDelegate.swift in Sources */ = {isa = PBXBuildFile; fileRef = 373A8FC71E9F547200DFD9E4 /* AppDelegate.swift */; };
		373A8FCA1E9F547200DFD9E4 /* ViewController.swift in Sources */ = {isa = PBXBuildFile; fileRef = 373A8FC91E9F547200DFD9E4 /* ViewController.swift */; };
		373A8FCD1E9F547200DFD9E4 /* Main.storyboard in Resources */ = {isa = PBXBuildFile; fileRef = 373A8FCB1E9F547200DFD9E4 /* Main.storyboard */; };
		373A8FCF1E9F547200DFD9E4 /* Assets.xcassets in Resources */ = {isa = PBXBuildFile; fileRef = 373A8FCE1E9F547200DFD9E4 /* Assets.xcassets */; };
		373A8FD21E9F547200DFD9E4 /* LaunchScreen.storyboard in Resources */ = {isa = PBXBuildFile; fileRef = 373A8FD01E9F547200DFD9E4 /* LaunchScreen.storyboard */; };
/* End PBXBuildFile section */

/* Begin PBXFileReference section */
		3727B6291EA1135A00951F12 /* LandscapeViewController.swift */ = {isa = PBXFileReference; fileEncoding = 4; lastKnownFileType = sourcecode.swift; path = LandscapeViewController.swift; sourceTree = "<group>"; };
		3727B62D1EA113C000951F12 /* PortraitViewController.swift */ = {isa = PBXFileReference; fileEncoding = 4; lastKnownFileType = sourcecode.swift; path = PortraitViewController.swift; sourceTree = "<group>"; };
		3727B62F1EA12BDA00951F12 /* AppUtility.swift */ = {isa = PBXFileReference; fileEncoding = 4; lastKnownFileType = sourcecode.swift; path = AppUtility.swift; sourceTree = "<group>"; };
		373A8FC41E9F547200DFD9E4 /* Orientation.app */ = {isa = PBXFileReference; explicitFileType = wrapper.application; includeInIndex = 0; path = Orientation.app; sourceTree = BUILT_PRODUCTS_DIR; };
		373A8FC71E9F547200DFD9E4 /* AppDelegate.swift */ = {isa = PBXFileReference; lastKnownFileType = sourcecode.swift; path = AppDelegate.swift; sourceTree = "<group>"; };
		373A8FC91E9F547200DFD9E4 /* ViewController.swift */ = {isa = PBXFileReference; lastKnownFileType = sourcecode.swift; path = ViewController.swift; sourceTree = "<group>"; };
		373A8FCC1E9F547200DFD9E4 /* Base */ = {isa = PBXFileReference; lastKnownFileType = file.storyboard; name = Base; path = Base.lproj/Main.storyboard; sourceTree = "<group>"; };
		373A8FCE1E9F547200DFD9E4 /* Assets.xcassets */ = {isa = PBXFileReference; lastKnownFileType = folder.assetcatalog; path = Assets.xcassets; sourceTree = "<group>"; };
		373A8FD11E9F547200DFD9E4 /* Base */ = {isa = PBXFileReference; lastKnownFileType = file.storyboard; name = Base; path = Base.lproj/LaunchScreen.storyboard; sourceTree = "<group>"; };
		373A8FD31E9F547200DFD9E4 /* Info.plist */ = {isa = PBXFileReference; lastKnownFileType = text.plist.xml; path = Info.plist; sourceTree = "<group>"; };
/* End PBXFileReference section */

/* Begin PBXFrameworksBuildPhase section */
		373A8FC11E9F547200DFD9E4 /* Frameworks */ = {
			isa = PBXFrameworksBuildPhase;
			buildActionMask = 2147483647;
			files = (
			);
			runOnlyForDeploymentPostprocessing = 0;
		};
/* End PBXFrameworksBuildPhase section */

/* Begin PBXGroup section */
		373A8FBB1E9F547200DFD9E4 = {
			isa = PBXGroup;
			children = (
				373A8FC61E9F547200DFD9E4 /* Orientation */,
				373A8FC51E9F547200DFD9E4 /* Products */,
			);
			sourceTree = "<group>";
		};
		373A8FC51E9F547200DFD9E4 /* Products */ = {
			isa = PBXGroup;
			children = (
				373A8FC41E9F547200DFD9E4 /* Orientation.app */,
			);
			name = Products;
			sourceTree = "<group>";
		};
		373A8FC61E9F547200DFD9E4 /* Orientation */ = {
			isa = PBXGroup;
			children = (
				373A8FC71E9F547200DFD9E4 /* AppDelegate.swift */,
				3727B62F1EA12BDA00951F12 /* AppUtility.swift */,
				373A8FC91E9F547200DFD9E4 /* ViewController.swift */,
				3727B6291EA1135A00951F12 /* LandscapeViewController.swift */,
				3727B62D1EA113C000951F12 /* PortraitViewController.swift */,
				373A8FCB1E9F547200DFD9E4 /* Main.storyboard */,
				373A8FCE1E9F547200DFD9E4 /* Assets.xcassets */,
				373A8FD01E9F547200DFD9E4 /* LaunchScreen.storyboard */,
				373A8FD31E9F547200DFD9E4 /* Info.plist */,
			);
			path = Orientation;
			sourceTree = "<group>";
		};
/* End PBXGroup section */

/* Begin PBXNativeTarget section */
		373A8FC31E9F547200DFD9E4 /* Orientation */ = {
			isa = PBXNativeTarget;
			buildConfigurationList = 373A8FD61E9F547200DFD9E4 /* Build configuration list for PBXNativeTarget "Orientation" */;
			buildPhases = (
				373A8FC01E9F547200DFD9E4 /* Sources */,
				373A8FC11E9F547200DFD9E4 /* Frameworks */,
				373A8FC21E9F547200DFD9E4 /* Resources */,
			);
			buildRules = (
			);
			dependencies = (
			);
			name = Orientation;
			productName = Orientation;
			productReference = 373A8FC41E9F547200DFD9E4 /* Orientation.app */;
			productType = "com.apple.product-type.application";
		};
/* End PBXNativeTarget section */

/* Begin PBXProject section */
		373A8FBC1E9F547200DFD9E4 /* Project object */ = {
			isa = PBXProject;
			attributes = {
				LastSwiftUpdateCheck = 0830;
				LastUpgradeCheck = 0830;
				ORGANIZATIONNAME = "Prabin K Datta";
				TargetAttributes = {
					373A8FC31E9F547200DFD9E4 = {
						CreatedOnToolsVersion = 8.3;
						DevelopmentTeam = 9DDPTP86JE;
						ProvisioningStyle = Automatic;
					};
				};
			};
			buildConfigurationList = 373A8FBF1E9F547200DFD9E4 /* Build configuration list for PBXProject "Orientation" */;
			compatibilityVersion = "Xcode 3.2";
			developmentRegion = English;
			hasScannedForEncodings = 0;
			knownRegions = (
				en,
				Base,
			);
			mainGroup = 373A8FBB1E9F547200DFD9E4;
			productRefGroup = 373A8FC51E9F547200DFD9E4 /* Products */;
			projectDirPath = "";
			projectRoot = "";
			targets = (
				373A8FC31E9F547200DFD9E4 /* Orientation */,
			);
		};
/* End PBXProject section */

/* Begin PBXResourcesBuildPhase section */
		373A8FC21E9F547200DFD9E4 /* Resources */ = {
			isa = PBXResourcesBuildPhase;
			buildActionMask = 2147483647;
			files = (
				373A8FD21E9F547200DFD9E4 /* LaunchScreen.storyboard in Resources */,
				373A8FCF1E9F547200DFD9E4 /* Assets.xcassets in Resources */,
				373A8FCD1E9F547200DFD9E4 /* Main.storyboard in Resources */,
			);
			runOnlyForDeploymentPostprocessing = 0;
		};
/* End PBXResourcesBuildPhase section */

/* Begin PBXSourcesBuildPhase section */
		373A8FC01E9F547200DFD9E4 /* Sources */ = {
			isa = PBXSourcesBuildPhase;
			buildActionMask = 2147483647;
			files = (
				373A8FCA1E9F547200DFD9E4 /* ViewController.swift in Sources */,
				3727B62A1EA1135A00951F12 /* LandscapeViewController.swift in Sources */,
				3727B6301EA12BDA00951F12 /* AppUtility.swift in Sources */,
				373A8FC81E9F547200DFD9E4 /* AppDelegate.swift in Sources */,
				3727B62E1EA113C000951F12 /* PortraitViewController.swift in Sources */,
			);
			runOnlyForDeploymentPostprocessing = 0;
		};
/* End PBXSourcesBuildPhase section */

/* Begin PBXVariantGroup section */
		373A8FCB1E9F547200DFD9E4 /* Main.storyboard */ = {
			isa = PBXVariantGroup;
			children = (
				373A8FCC1E9F547200DFD9E4 /* Base */,
			);
			name = Main.storyboard;
			sourceTree = "<group>";
		};
		373A8FD01E9F547200DFD9E4 /* LaunchScreen.storyboard */ = {
			isa = PBXVariantGroup;
			children = (
				373A8FD11E9F547200DFD9E4 /* Base */,
			);
			name = LaunchScreen.storyboard;
			sourceTree = "<group>";
		};
/* End PBXVariantGroup section */

/* Begin XCBuildConfiguration section */
		373A8FD41E9F547200DFD9E4 /* Debug */ = {
			isa = XCBuildConfiguration;
			buildSettings = {
				ALWAYS_SEARCH_USER_PATHS = NO;
				CLANG_ANALYZER_NONNULL = YES;
				CLANG_ANALYZER_NUMBER_OBJECT_CONVERSION = YES_AGGRESSIVE;
				CLANG_CXX_LANGUAGE_STANDARD = "gnu++0x";
				CLANG_CXX_LIBRARY = "libc++";
				CLANG_ENABLE_MODULES = YES;
				CLANG_ENABLE_OBJC_ARC = YES;
				CLANG_WARN_BOOL_CONVERSION = YES;
				CLANG_WARN_CONSTANT_CONVERSION = YES;
				CLANG_WARN_DIRECT_OBJC_ISA_USAGE = YES_ERROR;
				CLANG_WARN_DOCUMENTATION_COMMENTS = YES;
				CLANG_WARN_EMPTY_BODY = YES;
				CLANG_WARN_ENUM_CONVERSION = YES;
				CLANG_WARN_INFINITE_RECURSION = YES;
				CLANG_WARN_INT_CONVERSION = YES;
				CLANG_WARN_OBJC_ROOT_CLASS = YES_ERROR;
				CLANG_WARN_SUSPICIOUS_MOVE = YES;
				CLANG_WARN_UNREACHABLE_CODE = YES;
				CLANG_WARN__DUPLICATE_METHOD_MATCH = YES;
				"CODE_SIGN_IDENTITY[sdk=iphoneos*]" = "iPhone Developer";
				COPY_PHASE_STRIP = NO;
				DEBUG_INFORMATION_FORMAT = dwarf;
				ENABLE_STRICT_OBJC_MSGSEND = YES;
				ENABLE_TESTABILITY = YES;
				GCC_C_LANGUAGE_STANDARD = gnu99;
				GCC_DYNAMIC_NO_PIC = NO;
				GCC_NO_COMMON_BLOCKS = YES;
				GCC_OPTIMIZATION_LEVEL = 0;
				GCC_PREPROCESSOR_DEFINITIONS = (
					"DEBUG=1",
					"$(inherited)",
				);
				GCC_WARN_64_TO_32_BIT_CONVERSION = YES;
				GCC_WARN_ABOUT_RETURN_TYPE = YES_ERROR;
				GCC_WARN_UNDECLARED_SELECTOR = YES;
				GCC_WARN_UNINITIALIZED_AUTOS = YES_AGGRESSIVE;
				GCC_WARN_UNUSED_FUNCTION = YES;
				GCC_WARN_UNUSED_VARIABLE = YES;
				IPHONEOS_DEPLOYMENT_TARGET = 10.3;
				MTL_ENABLE_DEBUG_INFO = YES;
				ONLY_ACTIVE_ARCH = YES;
				SDKROOT = iphoneos;
				SWIFT_ACTIVE_COMPILATION_CONDITIONS = DEBUG;
				SWIFT_OPTIMIZATION_LEVEL = "-Onone";
				TARGETED_DEVICE_FAMILY = "1,2";
			};
			name = Debug;
		};
		373A8FD51E9F547200DFD9E4 /* Release */ = {
			isa = XCBuildConfiguration;
			buildSettings = {
				ALWAYS_SEARCH_USER_PATHS = NO;
				CLANG_ANALYZER_NONNULL = YES;
				CLANG_ANALYZER_NUMBER_OBJECT_CONVERSION = YES_AGGRESSIVE;
				CLANG_CXX_LANGUAGE_STANDARD = "gnu++0x";
				CLANG_CXX_LIBRARY = "libc++";
				CLANG_ENABLE_MODULES = YES;
				CLANG_ENABLE_OBJC_ARC = YES;
				CLANG_WARN_BOOL_CONVERSION = YES;
				CLANG_WARN_CONSTANT_CONVERSION = YES;
				CLANG_WARN_DIRECT_OBJC_ISA_USAGE = YES_ERROR;
				CLANG_WARN_DOCUMENTATION_COMMENTS = YES;
				CLANG_WARN_EMPTY_BODY = YES;
				CLANG_WARN_ENUM_CONVERSION = YES;
				CLANG_WARN_INFINITE_RECURSION = YES;
				CLANG_WARN_INT_CONVERSION = YES;
				CLANG_WARN_OBJC_ROOT_CLASS = YES_ERROR;
				CLANG_WARN_SUSPICIOUS_MOVE = YES;
				CLANG_WARN_UNREACHABLE_CODE = YES;
				CLANG_WARN__DUPLICATE_METHOD_MATCH = YES;
				"CODE_SIGN_IDENTITY[sdk=iphoneos*]" = "iPhone Developer";
				COPY_PHASE_STRIP = NO;
				DEBUG_INFORMATION_FORMAT = "dwarf-with-dsym";
				ENABLE_NS_ASSERTIONS = NO;
				ENABLE_STRICT_OBJC_MSGSEND = YES;
				GCC_C_LANGUAGE_STANDARD = gnu99;
				GCC_NO_COMMON_BLOCKS = YES;
				GCC_WARN_64_TO_32_BIT_CONVERSION = YES;
				GCC_WARN_ABOUT_RETURN_TYPE = YES_ERROR;
				GCC_WARN_UNDECLARED_SELECTOR = YES;
				GCC_WARN_UNINITIALIZED_AUTOS = YES_AGGRESSIVE;
				GCC_WARN_UNUSED_FUNCTION = YES;
				GCC_WARN_UNUSED_VARIABLE = YES;
				IPHONEOS_DEPLOYMENT_TARGET = 10.3;
				MTL_ENABLE_DEBUG_INFO = NO;
				SDKROOT = iphoneos;
				SWIFT_OPTIMIZATION_LEVEL = "-Owholemodule";
				TARGETED_DEVICE_FAMILY = "1,2";
				VALIDATE_PRODUCT = YES;
			};
			name = Release;
		};
		373A8FD71E9F547200DFD9E4 /* Debug */ = {
			isa = XCBuildConfiguration;
			buildSettings = {
				ASSETCATALOG_COMPILER_APPICON_NAME = AppIcon;
				DEVELOPMENT_TEAM = 9DDPTP86JE;
				INFOPLIST_FILE = Orientation/Info.plist;
				LD_RUNPATH_SEARCH_PATHS = "$(inherited) @executable_path/Frameworks";
				PRODUCT_BUNDLE_IDENTIFIER = com.pmico.Orientation;
				PRODUCT_NAME = "$(TARGET_NAME)";
				SWIFT_VERSION = 3.0;
			};
			name = Debug;
		};
		373A8FD81E9F547200DFD9E4 /* Release */ = {
			isa = XCBuildConfiguration;
			buildSettings = {
				ASSETCATALOG_COMPILER_APPICON_NAME = AppIcon;
				DEVELOPMENT_TEAM = 9DDPTP86JE;
				INFOPLIST_FILE = Orientation/Info.plist;
				LD_RUNPATH_SEARCH_PATHS = "$(inherited) @executable_path/Frameworks";
				PRODUCT_BUNDLE_IDENTIFIER = com.pmico.Orientation;
				PRODUCT_NAME = "$(TARGET_NAME)";
				SWIFT_VERSION = 3.0;
			};
			name = Release;
		};
/* End XCBuildConfiguration section */

/* Begin XCConfigurationList section */
		373A8FBF1E9F547200DFD9E4 /* Build configuration list for PBXProject "Orientation" */ = {
			isa = XCConfigurationList;
			buildConfigurations = (
				373A8FD41E9F547200DFD9E4 /* Debug */,
				373A8FD51E9F547200DFD9E4 /* Release */,
			);
			defaultConfigurationIsVisible = 0;
			defaultConfigurationName = Release;
		};
		373A8FD61E9F547200DFD9E4 /* Build configuration list for PBXNativeTarget "Orientation" */ = {
			isa = XCConfigurationList;
			buildConfigurations = (
				373A8FD71E9F547200DFD9E4 /* Debug */,
				373A8FD81E9F547200DFD9E4 /* Release */,
			);
			defaultConfigurationIsVisible = 0;
			defaultConfigurationName = Release;
		};
/* End XCConfigurationList section */
	};
	rootObject = 373A8FBC1E9F547200DFD9E4 /* Project object */;
}
